
Microsoft Visual Studio Solution File, Format Version 12.00
# Visual Studio Version 16
VisualStudioVersion = 16.0.29519.87
MinimumVisualStudioVersion = 10.0.40219.1
Project("{FAE04EC0-301F-11D3-BF4B-00C04F79EFBC}") = "SunbirdMB", "SunbirdMB.csproj", "{EFBE4B2C-9289-4E38-98A0-D34895C2EF06}"
EndProject
Global
	GlobalSection(SolutionConfigurationPlatforms) = preSolution
		Debug|Any CPU = Debug|Any CPU
		Release|Any CPU = Release|Any CPU
	EndGlobalSection
	GlobalSection(ProjectConfigurationPlatforms) = postSolution
		{EFBE4B2C-9289-4E38-98A0-D34895C2EF06}.Debug|Any CPU.ActiveCfg = Debug|Any CPU
		{EFBE4B2C-9289-4E38-98A0-D34895C2EF06}.Debug|Any CPU.Build.0 = Debug|Any CPU
		{EFBE4B2C-9289-4E38-98A0-D34895C2EF06}.Release|Any CPU.ActiveCfg = Release|Any CPU
		{EFBE4B2C-9289-4E38-98A0-D34895C2EF06}.Release|Any CPU.Build.0 = Release|Any CPU
	EndGlobalSection
	GlobalSection(SolutionProperties) = preSolution
		HideSolutionNode = FALSE
	EndGlobalSection
	GlobalSection(ExtensibilityGlobals) = postSolution
		SolutionGuid = {8BE1BBA0-58FD-4CE2-857D-DD1ED4B3F47A}
	EndGlobalSection
EndGlobal
